<?xml version="1.0" encoding="UTF-8" standalone="yes" ?>
<CodeBlocks_project_file>
	<FileVersion major="1" minor="6" />
	<Project>
		<Option title="Forge" />
		<Option pch_mode="2" />
		<Option compiler="gcc" />
		<Build>
			<Target title="debug">
				<Option output="bin/debug/Forge" prefix_auto="1" extension_auto="1" />
				<Option object_output="obj/debug/" />
				<Option type="1" />
				<Option compiler="gcc" />
				<Compiler>
					<Add option="-g" />
					<Add option="-D__FORGE__DBG__" />
				</Compiler>
			</Target>
			<Target title="release">
				<Option output="bin/release/Forge" prefix_auto="1" extension_auto="1" />
				<Option object_output="obj/release/" />
				<Option type="1" />
				<Option compiler="gcc" />
				<Compiler>
					<Add option="-O2" />
				</Compiler>
				<Linker>
					<Add option="-s" />
				</Linker>
			</Target>
		</Build>
		<Compiler>
			<Add option="-Wall" />
			<Add option="-std=c++0x" />
			<Add option="-fexceptions" />
			<Add option="-Wno-write-strings" />
			<Add directory="src" />
		</Compiler>
		<Unit filename="src/forge/exceptions/BaseException.cpp" />
		<Unit filename="src/forge/exceptions/BaseException.hpp" />
		<Unit filename="src/forge/logging.cpp" />
		<Unit filename="src/forge/logging.hpp" />
		<Unit filename="src/forge/logging/Log.hpp" />
		<Unit filename="src/forge/logging/LogContext.cpp" />
		<Unit filename="src/forge/logging/LogContext.hpp" />
		<Unit filename="src/forge/memory.cpp" />
		<Unit filename="src/forge/memory.hpp" />
		<Unit filename="src/forge/memory/Allocator.hpp" />
		<Unit filename="src/forge/memory/debug_alloc.cpp" />
		<Unit filename="src/forge/memory/debug_alloc.hpp" />
		<Unit filename="src/forge/memory/release_alloc.cpp" />
		<Unit filename="src/forge/memory/release_alloc.hpp" />
		<Unit filename="src/forge/structures/array/ArrayIterator.hpp" />
		<Unit filename="src/forge/structures/array/BArray.hpp" />
		<Unit filename="src/forge/structures/array/DArray.hpp" />
		<Unit filename="src/forge/structures/array/SArray.hpp" />
		<Unit filename="src/forge/structures/array/exceptions.cpp" />
		<Unit filename="src/forge/structures/array/exceptions.hpp" />
		<Unit filename="src/forge/structures/array/resize_strategy.hpp" />
		<Unit filename="src/forge/structures/exceptions.cpp" />
		<Unit filename="src/forge/structures/exceptions.hpp" />
		<Unit filename="src/forge/structures/io/ConsoleInStream.cpp" />
		<Unit filename="src/forge/structures/io/ConsoleInStream.hpp" />
		<Unit filename="src/forge/structures/io/ConsoleOutStream.cpp" />
		<Unit filename="src/forge/structures/io/ConsoleOutStream.hpp" />
		<Unit filename="src/forge/structures/io/FileInStream.cpp" />
		<Unit filename="src/forge/structures/io/FileInStream.hpp" />
		<Unit filename="src/forge/structures/io/FileOutStream.cpp" />
		<Unit filename="src/forge/structures/io/FileOutStream.hpp" />
		<Unit filename="src/forge/structures/io/InStream.cpp" />
		<Unit filename="src/forge/structures/io/InStream.hpp" />
		<Unit filename="src/forge/structures/io/OutStream.cpp" />
		<Unit filename="src/forge/structures/io/OutStream.hpp" />
		<Unit filename="src/forge/structures/list/DLIterator.hpp" />
		<Unit filename="src/forge/structures/list/DLList.cpp" />
		<Unit filename="src/forge/structures/list/DLList.hpp" />
		<Unit filename="src/forge/structures/list/DLNode.hpp" />
		<Unit filename="src/forge/structures/list/SLLNode.hpp" />
		<Unit filename="src/forge/structures/list/SLList.cpp" />
		<Unit filename="src/forge/structures/list/SList.hpp" />
		<Unit filename="src/forge/structures/list/exceptions.hpp" />
		<Unit filename="src/forge/structures/string/BString.cpp" />
		<Unit filename="src/forge/structures/string/BString.hpp" />
		<Unit filename="src/forge/structures/string/DString.cpp" />
		<Unit filename="src/forge/structures/string/DString.hpp" />
		<Unit filename="src/forge/structures/string/SString.cpp" />
		<Unit filename="src/forge/structures/string/SString.hpp" />
		<Unit filename="src/forge/vfs.hpp" />
		<Unit filename="src/test.cpp" />
		<Extensions>
			<code_completion />
			<debugger />
		</Extensions>
	</Project>
</CodeBlocks_project_file>
